<?xml version="1.0" encoding="utf-8"?>
<Project ToolsVersion="4.0" xmlns="http://schemas.microsoft.com/developer/msbuild/2003">
  <ItemGroup>
    <Filter Include="Source Files">
      <UniqueIdentifier>{2f52ec5d-d778-4988-8746-1a2d17b17375}</UniqueIdentifier>
      <Extensions>cpp;c;cxx;rc;def;r;odl;idl;hpj;bat</Extensions>
    </Filter>
    <Filter Include="Header Files">
      <UniqueIdentifier>{d096f6ce-e47c-430a-a7f7-7fe3c2fa047f}</UniqueIdentifier>
      <Extensions>h;hpp;hxx;hm;inl</Extensions>
    </Filter>
    <Filter Include="Resource Files">
      <UniqueIdentifier>{b3e66749-c970-4413-b670-910ee10bcb50}</UniqueIdentifier>
      <Extensions>ico;cur;bmp;dlg;rc2;rct;bin;rgs;gif;jpg;jpeg;jpe</Extensions>
    </Filter>
    <Filter Include="Slice Files">
      <UniqueIdentifier>{b78e6324-7fbf-44b9-a3f4-dad817486320}</UniqueIdentifier>
      <Extensions>ice</Extensions>
    </Filter>
    <Filter Include="Source Files\x64">
      <UniqueIdentifier>{cf158dd7-df43-46c1-baa2-8523108ddc1d}</UniqueIdentifier>
    </Filter>
    <Filter Include="Source Files\x64\Release">
      <UniqueIdentifier>{ef8c8d7a-fb58-451e-b2a0-26c7d221ba88}</UniqueIdentifier>
    </Filter>
    <Filter Include="Source Files\x64\Debug">
      <UniqueIdentifier>{8159298a-f9a5-4dc8-810f-304518db88cb}</UniqueIdentifier>
    </Filter>
    <Filter Include="Source Files\Win32">
      <UniqueIdentifier>{cf0dc0c5-5bd2-4838-8f90-f0c93385719a}</UniqueIdentifier>
    </Filter>
    <Filter Include="Source Files\Win32\Debug">
      <UniqueIdentifier>{121ba932-bb91-4f6f-be31-ce2aa23aefe2}</UniqueIdentifier>
    </Filter>
    <Filter Include="Source Files\Win32\Release">
      <UniqueIdentifier>{e9305d6e-7820-443e-bedc-a658efe54e13}</UniqueIdentifier>
    </Filter>
    <Filter Include="Header Files\Win32">
      <UniqueIdentifier>{a169b11a-3cbc-4d8c-b05e-b5eb6f4d7e29}</UniqueIdentifier>
    </Filter>
    <Filter Include="Header Files\Win32\Debug">
      <UniqueIdentifier>{21d4b5ba-09fa-4b8f-82ce-d24f277cccfd}</UniqueIdentifier>
    </Filter>
    <Filter Include="Header Files\x64">
      <UniqueIdentifier>{44ae3f53-2168-4c64-944e-918607fc9256}</UniqueIdentifier>
    </Filter>
    <Filter Include="Header Files\x64\Debug">
      <UniqueIdentifier>{25e664c1-76a3-4f62-adf3-63b7b51115c2}</UniqueIdentifier>
    </Filter>
    <Filter Include="Header Files\Win32\Release">
      <UniqueIdentifier>{b0af0b4d-33a8-40b4-93a1-476c485b456f}</UniqueIdentifier>
    </Filter>
    <Filter Include="Header Files\x64\Release">
      <UniqueIdentifier>{a032432f-0029-4ca9-9688-a268ca3e4ec1}</UniqueIdentifier>
    </Filter>
  </ItemGroup>
  <ItemGroup>
    <ClCompile Include="..\..\Client.cpp">
      <Filter>Source Files</Filter>
    </ClCompile>
    <ClCompile Include="x64\Debug\BenchTypes.cpp">
      <Filter>Source Files\x64\Debug</Filter>
    </ClCompile>
    <ClCompile Include="x64\Release\BenchTypes.cpp">
      <Filter>Source Files\x64\Release</Filter>
    </ClCompile>
    <ClCompile Include="Win32\Debug\BenchTypes.cpp">
      <Filter>Source Files\Win32\Debug</Filter>
    </ClCompile>
    <ClCompile Include="Win32\Release\BenchTypes.cpp">
      <Filter>Source Files\Win32\Release</Filter>
    </ClCompile>
    <ClCompile Include="Win32\Debug\Test.cpp">
      <Filter>Source Files\Win32\Debug</Filter>
    </ClCompile>
    <ClCompile Include="x64\Debug\Test.cpp">
      <Filter>Source Files\x64\Debug</Filter>
    </ClCompile>
    <ClCompile Include="Win32\Release\Test.cpp">
      <Filter>Source Files\Win32\Release</Filter>
    </ClCompile>
    <ClCompile Include="x64\Release\Test.cpp">
      <Filter>Source Files\x64\Release</Filter>
    </ClCompile>
  </ItemGroup>
  <ItemGroup>
    <ClInclude Include="Win32\Debug\Test.h">
      <Filter>Header Files\Win32\Debug</Filter>
    </ClInclude>
    <ClInclude Include="x64\Debug\Test.h">
      <Filter>Header Files\x64\Debug</Filter>
    </ClInclude>
    <ClInclude Include="Win32\Release\Test.h">
      <Filter>Header Files\Win32\Release</Filter>
    </ClInclude>
    <ClInclude Include="x64\Release\Test.h">
      <Filter>Header Files\x64\Release</Filter>
    </ClInclude>
    <ClInclude Include="x64\Release\BenchTypes.h">
      <Filter>Header Files\x64\Release</Filter>
    </ClInclude>
    <ClInclude Include="Win32\Debug\BenchTypes.h">
      <Filter>Header Files\Win32\Debug</Filter>
    </ClInclude>
    <ClInclude Include="Win32\Release\BenchTypes.h">
      <Filter>Header Files\Win32\Release</Filter>
    </ClInclude>
    <ClInclude Include="x64\Debug\BenchTypes.h">
      <Filter>Header Files\x64\Debug</Filter>
    </ClInclude>
  </ItemGroup>
  <ItemGroup>
    <None Include="..\..\README.md" />
    <None Include="packages.config" />
  </ItemGroup>
  <ItemGroup>
    <IceBuilder Include="..\..\Test.ice">
      <Filter>Slice Files</Filter>
    </IceBuilder>
  </ItemGroup>
  <ItemGroup>
    <CustomBuild Include="dummy.freeze" />
  </ItemGroup>
</Project>