<?xml version="1.0" encoding="utf-8"?>
<Project ToolsVersion="4.0" xmlns="http://schemas.microsoft.com/developer/msbuild/2003">
  <ItemGroup>
    <Filter Include="Source Files">
      <UniqueIdentifier>{d6917e50-f343-4b80-b8cd-d22351e5f711}</UniqueIdentifier>
      <Extensions>cpp;c;cxx;rc;def;r;odl;idl;hpj;bat</Extensions>
    </Filter>
    <Filter Include="Header Files">
      <UniqueIdentifier>{2713b27a-9d0f-41bf-b7b8-448687c43cfa}</UniqueIdentifier>
      <Extensions>h;hpp;hxx;hm;inl</Extensions>
    </Filter>
    <Filter Include="Resource Files">
      <UniqueIdentifier>{4baa7803-a0be-4860-99d3-3b4982b81eb7}</UniqueIdentifier>
      <Extensions>ico;cur;bmp;dlg;rc2;rct;bin;rgs;gif;jpg;jpeg;jpe</Extensions>
    </Filter>
    <Filter Include="Slice Files">
      <UniqueIdentifier>{a695e9fc-1ff2-4b52-9c98-5b321f39b8e9}</UniqueIdentifier>
      <Extensions>ice</Extensions>
    </Filter>
    <Filter Include="Source Files\Win32">
      <UniqueIdentifier>{4465f052-07d3-4a8b-b6c8-943f84e1347d}</UniqueIdentifier>
    </Filter>
    <Filter Include="Source Files\Win32\Debug">
      <UniqueIdentifier>{14efedd0-776c-44ff-8639-5d9c2957f4f5}</UniqueIdentifier>
    </Filter>
    <Filter Include="Header Files\Win32">
      <UniqueIdentifier>{0b65b21b-05e1-45d4-ad38-c0e831a74892}</UniqueIdentifier>
    </Filter>
    <Filter Include="Header Files\Win32\Debug">
      <UniqueIdentifier>{a8234322-454e-4b0e-92c2-45d3c36abbb6}</UniqueIdentifier>
    </Filter>
    <Filter Include="Source Files\x64">
      <UniqueIdentifier>{b5a7bd4c-3c0c-4ce4-baf8-e1323db2f746}</UniqueIdentifier>
    </Filter>
    <Filter Include="Source Files\x64\Debug">
      <UniqueIdentifier>{5d55523a-0248-48a1-856b-738df50caa24}</UniqueIdentifier>
    </Filter>
    <Filter Include="Header Files\x64">
      <UniqueIdentifier>{8befb384-d573-499c-8d70-b192d35d1ee8}</UniqueIdentifier>
    </Filter>
    <Filter Include="Header Files\x64\Debug">
      <UniqueIdentifier>{45512ed4-663d-4fba-9701-0f05714c857f}</UniqueIdentifier>
    </Filter>
    <Filter Include="Source Files\Win32\Release">
      <UniqueIdentifier>{06c48842-c57a-4aaf-8840-696096376cfb}</UniqueIdentifier>
    </Filter>
    <Filter Include="Header Files\Win32\Release">
      <UniqueIdentifier>{4dc64e48-bea9-4ee5-a5c0-b55ebaa0d25e}</UniqueIdentifier>
    </Filter>
    <Filter Include="Source Files\x64\Release">
      <UniqueIdentifier>{76658a07-0cf1-4b15-aaae-b2d9f764109b}</UniqueIdentifier>
    </Filter>
    <Filter Include="Header Files\x64\Release">
      <UniqueIdentifier>{ce15933e-efc9-4495-b505-d1a78958f1e2}</UniqueIdentifier>
    </Filter>
  </ItemGroup>
  <ItemGroup>
    <ClCompile Include="..\..\Client.cpp">
      <Filter>Source Files</Filter>
    </ClCompile>
    <ClCompile Include="Win32\Debug\Item.cpp">
      <Filter>Source Files\Win32\Debug</Filter>
    </ClCompile>
    <ClCompile Include="x64\Debug\Item.cpp">
      <Filter>Source Files\x64\Debug</Filter>
    </ClCompile>
    <ClCompile Include="Win32\Release\Item.cpp">
      <Filter>Source Files\Win32\Release</Filter>
    </ClCompile>
    <ClCompile Include="x64\Release\Item.cpp">
      <Filter>Source Files\x64\Release</Filter>
    </ClCompile>
  </ItemGroup>
  <ItemGroup>
    <None Include="..\..\config.client" />
    <None Include="..\..\README.md" />
    <None Include="packages.config" />
  </ItemGroup>
  <ItemGroup>
    <ClInclude Include="Win32\Debug\Item.h">
      <Filter>Header Files\Win32\Debug</Filter>
    </ClInclude>
    <ClInclude Include="x64\Debug\Item.h">
      <Filter>Header Files\x64\Debug</Filter>
    </ClInclude>
    <ClInclude Include="Win32\Release\Item.h">
      <Filter>Header Files\Win32\Release</Filter>
    </ClInclude>
    <ClInclude Include="x64\Release\Item.h">
      <Filter>Header Files\x64\Release</Filter>
    </ClInclude>
  </ItemGroup>
  <ItemGroup>
    <SliceCompile Include="..\..\Item.ice">
      <Filter>Slice Files</Filter>
    </SliceCompile>
  </ItemGroup>
</Project>