<?xml version="1.0" encoding="utf-8"?>
<Project ToolsVersion="4.0" xmlns="http://schemas.microsoft.com/developer/msbuild/2003">
  <ItemGroup>
    <ClCompile Include="Win32\Debug\TestOld.cpp">
      <Filter>Source Files\Win32\Debug</Filter>
    </ClCompile>
    <ClCompile Include="x64\Debug\TestOld.cpp">
      <Filter>Source Files\x64\Debug</Filter>
    </ClCompile>
    <ClCompile Include="Win32\Release\TestOld.cpp">
      <Filter>Source Files\Win32\Release</Filter>
    </ClCompile>
    <ClCompile Include="x64\Release\TestOld.cpp">
      <Filter>Source Files\x64\Release</Filter>
    </ClCompile>
    <ClCompile Include="..\..\makedb.cpp" />
  </ItemGroup>
  <ItemGroup>
    <Filter Include="Slice Files">
      <UniqueIdentifier>{1d023fde-d06b-47bf-a36c-9c222ad31cb3}</UniqueIdentifier>
      <Extensions>ice</Extensions>
    </Filter>
    <Filter Include="Source Files">
      <UniqueIdentifier>{513caef0-2b6d-4bfd-8a8b-8abd63eb5010}</UniqueIdentifier>
    </Filter>
    <Filter Include="Source Files\Win32">
      <UniqueIdentifier>{d49951d6-c1a6-44c7-86b1-0d70f9b7364a}</UniqueIdentifier>
    </Filter>
    <Filter Include="Source Files\Win32\Debug">
      <UniqueIdentifier>{1ec950f5-d1e1-4fe5-86db-4b33c21028c1}</UniqueIdentifier>
    </Filter>
    <Filter Include="Header Files">
      <UniqueIdentifier>{1fbe6ce1-dac5-4d62-bf41-b233e32e2e77}</UniqueIdentifier>
    </Filter>
    <Filter Include="Header Files\Win32">
      <UniqueIdentifier>{9d690ce8-29e7-4245-81f5-bdf38b6e9d38}</UniqueIdentifier>
    </Filter>
    <Filter Include="Header Files\Win32\Debug">
      <UniqueIdentifier>{5b54d82f-fb2e-4d4d-bc86-f83b78cdf69d}</UniqueIdentifier>
    </Filter>
    <Filter Include="Source Files\x64">
      <UniqueIdentifier>{7764d1e1-c9a1-40de-a400-3eeef1cb1c6f}</UniqueIdentifier>
    </Filter>
    <Filter Include="Source Files\x64\Debug">
      <UniqueIdentifier>{edb486ea-923a-432a-b592-62471d476a40}</UniqueIdentifier>
    </Filter>
    <Filter Include="Header Files\x64">
      <UniqueIdentifier>{314b5a7b-b2af-4af7-b056-2bc760d2d3f6}</UniqueIdentifier>
    </Filter>
    <Filter Include="Header Files\x64\Debug">
      <UniqueIdentifier>{2760ef69-ede5-4e74-8b3f-1f533260c996}</UniqueIdentifier>
    </Filter>
    <Filter Include="Source Files\Win32\Release">
      <UniqueIdentifier>{ceb3b6e0-b97d-4f75-8267-76194870a509}</UniqueIdentifier>
    </Filter>
    <Filter Include="Header Files\Win32\Release">
      <UniqueIdentifier>{64591243-9ca3-4e59-9d3b-186a8e3e624a}</UniqueIdentifier>
    </Filter>
    <Filter Include="Source Files\x64\Release">
      <UniqueIdentifier>{76c4ff2b-3474-4d17-bb74-cf05e0d68da1}</UniqueIdentifier>
    </Filter>
    <Filter Include="Header Files\x64\Release">
      <UniqueIdentifier>{e0b07f3b-be3c-4b36-8cc8-8af008b787f2}</UniqueIdentifier>
    </Filter>
  </ItemGroup>
  <ItemGroup>
    <IceBuilder Include="..\..\TestOld.ice">
      <Filter>Slice Files</Filter>
    </IceBuilder>
  </ItemGroup>
  <ItemGroup>
    <ClInclude Include="Win32\Debug\TestOld.h">
      <Filter>Header Files\Win32\Debug</Filter>
    </ClInclude>
    <ClInclude Include="x64\Debug\TestOld.h">
      <Filter>Header Files\x64\Debug</Filter>
    </ClInclude>
    <ClInclude Include="Win32\Release\TestOld.h">
      <Filter>Header Files\Win32\Release</Filter>
    </ClInclude>
    <ClInclude Include="x64\Release\TestOld.h">
      <Filter>Header Files\x64\Release</Filter>
    </ClInclude>
  </ItemGroup>
  <ItemGroup>
    <None Include="packages.config" />
  </ItemGroup>
</Project>