<?xml version="1.0" encoding="utf-8"?>
<Project ToolsVersion="4.0" xmlns="http://schemas.microsoft.com/developer/msbuild/2003">
  <ItemGroup>
    <Filter Include="Source Files">
      <UniqueIdentifier>{4cb9d049-8148-4869-92b9-8170473d9235}</UniqueIdentifier>
      <Extensions>cpp;c;cxx;rc;def;r;odl;idl;hpj;bat</Extensions>
    </Filter>
    <Filter Include="Header Files">
      <UniqueIdentifier>{92b3d560-72f4-4510-a0d7-715e99f5991c}</UniqueIdentifier>
      <Extensions>h;hpp;hxx;hm;inl</Extensions>
    </Filter>
    <Filter Include="Resource Files">
      <UniqueIdentifier>{049ba3d4-5fd3-4b6b-a94b-dd47fd2a1e6f}</UniqueIdentifier>
      <Extensions>ico;cur;bmp;dlg;rc2;rct;bin;rgs;gif;jpg;jpeg;jpe</Extensions>
    </Filter>
    <Filter Include="Slice Files">
      <UniqueIdentifier>{7014e3d6-faab-4e6e-b29e-a58c8d29a942}</UniqueIdentifier>
      <Extensions>ice</Extensions>
    </Filter>
    <Filter Include="Source Files\Win32">
      <UniqueIdentifier>{b4f966c6-3242-405c-a42d-20af9e3f54a5}</UniqueIdentifier>
    </Filter>
    <Filter Include="Source Files\Win32\Debug">
      <UniqueIdentifier>{0f22e2e8-09b9-4731-80b5-cb7e565c6d03}</UniqueIdentifier>
    </Filter>
    <Filter Include="Header Files\Win32">
      <UniqueIdentifier>{7bdaa824-8faf-4de3-b556-b09465f48d1e}</UniqueIdentifier>
    </Filter>
    <Filter Include="Header Files\Win32\Debug">
      <UniqueIdentifier>{238c2bf5-8853-418d-b01e-f0df0295c668}</UniqueIdentifier>
    </Filter>
    <Filter Include="Source Files\x64">
      <UniqueIdentifier>{61333627-f0fe-467c-91e2-49f8b7623b79}</UniqueIdentifier>
    </Filter>
    <Filter Include="Source Files\x64\Debug">
      <UniqueIdentifier>{173e7697-d0be-449c-a536-8181f0cc5485}</UniqueIdentifier>
    </Filter>
    <Filter Include="Header Files\x64">
      <UniqueIdentifier>{dc4fafa5-1d34-4cfc-8ec0-11feb297e713}</UniqueIdentifier>
    </Filter>
    <Filter Include="Header Files\x64\Debug">
      <UniqueIdentifier>{6ab5e71f-f056-41b4-86fa-e69d21c6e77b}</UniqueIdentifier>
    </Filter>
    <Filter Include="Source Files\Win32\Release">
      <UniqueIdentifier>{f6d9469e-34f2-4f32-af0a-c6c2fb15f49b}</UniqueIdentifier>
    </Filter>
    <Filter Include="Header Files\Win32\Release">
      <UniqueIdentifier>{e2a6a585-9d37-48a3-989f-f82d92b644b4}</UniqueIdentifier>
    </Filter>
    <Filter Include="Source Files\x64\Release">
      <UniqueIdentifier>{f1d6b53b-ede8-4d8a-baf1-210059d0f992}</UniqueIdentifier>
    </Filter>
    <Filter Include="Header Files\x64\Release">
      <UniqueIdentifier>{7c54fc8a-8c4c-410a-b012-8af087aa90a8}</UniqueIdentifier>
    </Filter>
  </ItemGroup>
  <ItemGroup>
    <ClCompile Include="..\..\Client.cpp">
      <Filter>Source Files</Filter>
    </ClCompile>
    <ClCompile Include="..\..\Grammar.cpp">
      <Filter>Source Files</Filter>
    </ClCompile>
    <ClCompile Include="..\..\Parser.cpp">
      <Filter>Source Files</Filter>
    </ClCompile>
    <ClCompile Include="..\..\Scanner.cpp">
      <Filter>Source Files</Filter>
    </ClCompile>
    <ClCompile Include="Win32\Debug\Filesystem.cpp">
      <Filter>Source Files\Win32\Debug</Filter>
    </ClCompile>
    <ClCompile Include="x64\Debug\Filesystem.cpp">
      <Filter>Source Files\x64\Debug</Filter>
    </ClCompile>
    <ClCompile Include="Win32\Release\Filesystem.cpp">
      <Filter>Source Files\Win32\Release</Filter>
    </ClCompile>
    <ClCompile Include="x64\Release\Filesystem.cpp">
      <Filter>Source Files\x64\Release</Filter>
    </ClCompile>
  </ItemGroup>
  <ItemGroup>
    <ClInclude Include="..\..\Grammar.h">
      <Filter>Header Files</Filter>
    </ClInclude>
    <ClInclude Include="..\..\Parser.h">
      <Filter>Header Files</Filter>
    </ClInclude>
    <ClInclude Include="Win32\Debug\Filesystem.h">
      <Filter>Header Files\Win32\Debug</Filter>
    </ClInclude>
    <ClInclude Include="x64\Debug\Filesystem.h">
      <Filter>Header Files\x64\Debug</Filter>
    </ClInclude>
    <ClInclude Include="Win32\Release\Filesystem.h">
      <Filter>Header Files\Win32\Release</Filter>
    </ClInclude>
    <ClInclude Include="x64\Release\Filesystem.h">
      <Filter>Header Files\x64\Release</Filter>
    </ClInclude>
  </ItemGroup>
  <ItemGroup>
    <None Include="..\..\config.client" />
    <None Include="..\..\README.md" />
    <None Include="packages.config" />
  </ItemGroup>
  <ItemGroup>
    <SliceCompile Include="..\..\Filesystem.ice">
      <Filter>Slice Files</Filter>
    </SliceCompile>
  </ItemGroup>
</Project>