
Microsoft Visual Studio Solution File, Format Version 12.00
# Visual Studio 14
VisualStudioVersion = 14.0.25123.0
MinimumVisualStudioVersion = 10.0.40219.1
Project("{8BC9CEB8-8B4A-11D0-8D11-00A0C91BC942}") = "client", "..\test\Freeze\complex\msbuild\client\client.vcxproj", "{6B287579-8A55-4242-9AE8-A4BF2D75BF95}"
EndProject
Project("{2150E333-8FDC-42A3-9474-1A3956D46DE8}") = "Freeze", "Freeze", "{5300CE63-725D-482C-9C27-A791895230D5}"
EndProject
Project("{2150E333-8FDC-42A3-9474-1A3956D46DE8}") = "complex", "complex", "{2642F919-6C51-4E29-896A-FBE822C38480}"
EndProject
Project("{2150E333-8FDC-42A3-9474-1A3956D46DE8}") = "dbmap", "dbmap", "{3C7C2947-2DBF-4CC6-BC9C-9EB4A408C2FB}"
EndProject
Project("{8BC9CEB8-8B4A-11D0-8D11-00A0C91BC942}") = "client", "..\test\Freeze\dbmap\msbuild\client\client.vcxproj", "{FD8FB4E0-F3BC-4E78-BF8F-F5EC14F9951A}"
EndProject
Project("{2150E333-8FDC-42A3-9474-1A3956D46DE8}") = "evictor", "evictor", "{0B29BEB8-F5B2-4A64-8383-AC74F1BB760C}"
EndProject
Project("{8BC9CEB8-8B4A-11D0-8D11-00A0C91BC942}") = "client", "..\test\Freeze\evictor\msbuild\client\client.vcxproj", "{F7D295A2-4E87-41B2-BE57-00896D1245E8}"
EndProject
Project("{8BC9CEB8-8B4A-11D0-8D11-00A0C91BC942}") = "server", "..\test\Freeze\evictor\msbuild\server\server.vcxproj", "{1D633DBE-35B2-447D-B5A0-63AA125E59FF}"
EndProject
Project("{2150E333-8FDC-42A3-9474-1A3956D46DE8}") = "fileLock", "fileLock", "{F1F0DBA3-92E1-4F46-B9ED-66E36348FBA0}"
EndProject
Project("{8BC9CEB8-8B4A-11D0-8D11-00A0C91BC942}") = "client", "..\test\Freeze\fileLock\msbuild\client\client.vcxproj", "{5EAE7562-6C43-42D6-987B-DAC220496137}"
EndProject
Project("{8BC9CEB8-8B4A-11D0-8D11-00A0C91BC942}") = "clientFail", "..\test\Freeze\fileLock\msbuild\clientFail\clientFail.vcxproj", "{FA18DDB1-F7FD-4FEA-8ED2-F04736DFC86D}"
EndProject
Project("{2150E333-8FDC-42A3-9474-1A3956D46DE8}") = "FreezeScript", "FreezeScript", "{81395704-31E0-4E0B-BD36-2CF6388AEA34}"
EndProject
Project("{2150E333-8FDC-42A3-9474-1A3956D46DE8}") = "evictor", "evictor", "{76A142D2-0833-4B38-B0BC-EE6B0BEEEB71}"
EndProject
Project("{8BC9CEB8-8B4A-11D0-8D11-00A0C91BC942}") = "makedb", "..\test\FreezeScript\evictor\msbuild\makedb\makedb.vcxproj", "{DC66AEC9-33DE-4C82-8DC2-1F10F12167B9}"
EndProject
Project("{2150E333-8FDC-42A3-9474-1A3956D46DE8}") = "dbmap", "dbmap", "{5403979E-8756-458D-AD45-0E39B08BE1A8}"
EndProject
Project("{8BC9CEB8-8B4A-11D0-8D11-00A0C91BC942}") = "makedb", "..\test\FreezeScript\dbmap\msbuild\makedb\makedb.vcxproj", "{A695124A-9D34-48FA-849C-0165372661B0}"
EndProject
Global
	GlobalSection(SolutionConfigurationPlatforms) = preSolution
		Debug|x64 = Debug|x64
		Debug|Win32 = Debug|Win32
		Release|x64 = Release|x64
		Release|Win32 = Release|Win32
	EndGlobalSection
	GlobalSection(ProjectConfigurationPlatforms) = postSolution
		{6B287579-8A55-4242-9AE8-A4BF2D75BF95}.Debug|x64.ActiveCfg = Debug|x64
		{6B287579-8A55-4242-9AE8-A4BF2D75BF95}.Debug|x64.Build.0 = Debug|x64
		{6B287579-8A55-4242-9AE8-A4BF2D75BF95}.Debug|Win32.ActiveCfg = Debug|Win32
		{6B287579-8A55-4242-9AE8-A4BF2D75BF95}.Debug|Win32.Build.0 = Debug|Win32
		{6B287579-8A55-4242-9AE8-A4BF2D75BF95}.Release|x64.ActiveCfg = Release|x64
		{6B287579-8A55-4242-9AE8-A4BF2D75BF95}.Release|x64.Build.0 = Release|x64
		{6B287579-8A55-4242-9AE8-A4BF2D75BF95}.Release|Win32.ActiveCfg = Release|Win32
		{6B287579-8A55-4242-9AE8-A4BF2D75BF95}.Release|Win32.Build.0 = Release|Win32
		{FD8FB4E0-F3BC-4E78-BF8F-F5EC14F9951A}.Debug|x64.ActiveCfg = Debug|x64
		{FD8FB4E0-F3BC-4E78-BF8F-F5EC14F9951A}.Debug|x64.Build.0 = Debug|x64
		{FD8FB4E0-F3BC-4E78-BF8F-F5EC14F9951A}.Debug|Win32.ActiveCfg = Debug|Win32
		{FD8FB4E0-F3BC-4E78-BF8F-F5EC14F9951A}.Debug|Win32.Build.0 = Debug|Win32
		{FD8FB4E0-F3BC-4E78-BF8F-F5EC14F9951A}.Release|x64.ActiveCfg = Release|x64
		{FD8FB4E0-F3BC-4E78-BF8F-F5EC14F9951A}.Release|x64.Build.0 = Release|x64
		{FD8FB4E0-F3BC-4E78-BF8F-F5EC14F9951A}.Release|Win32.ActiveCfg = Release|Win32
		{FD8FB4E0-F3BC-4E78-BF8F-F5EC14F9951A}.Release|Win32.Build.0 = Release|Win32
		{F7D295A2-4E87-41B2-BE57-00896D1245E8}.Debug|x64.ActiveCfg = Debug|x64
		{F7D295A2-4E87-41B2-BE57-00896D1245E8}.Debug|x64.Build.0 = Debug|x64
		{F7D295A2-4E87-41B2-BE57-00896D1245E8}.Debug|Win32.ActiveCfg = Debug|Win32
		{F7D295A2-4E87-41B2-BE57-00896D1245E8}.Debug|Win32.Build.0 = Debug|Win32
		{F7D295A2-4E87-41B2-BE57-00896D1245E8}.Release|x64.ActiveCfg = Release|x64
		{F7D295A2-4E87-41B2-BE57-00896D1245E8}.Release|x64.Build.0 = Release|x64
		{F7D295A2-4E87-41B2-BE57-00896D1245E8}.Release|Win32.ActiveCfg = Release|Win32
		{F7D295A2-4E87-41B2-BE57-00896D1245E8}.Release|Win32.Build.0 = Release|Win32
		{1D633DBE-35B2-447D-B5A0-63AA125E59FF}.Debug|x64.ActiveCfg = Debug|x64
		{1D633DBE-35B2-447D-B5A0-63AA125E59FF}.Debug|x64.Build.0 = Debug|x64
		{1D633DBE-35B2-447D-B5A0-63AA125E59FF}.Debug|Win32.ActiveCfg = Debug|Win32
		{1D633DBE-35B2-447D-B5A0-63AA125E59FF}.Debug|Win32.Build.0 = Debug|Win32
		{1D633DBE-35B2-447D-B5A0-63AA125E59FF}.Release|x64.ActiveCfg = Release|x64
		{1D633DBE-35B2-447D-B5A0-63AA125E59FF}.Release|x64.Build.0 = Release|x64
		{1D633DBE-35B2-447D-B5A0-63AA125E59FF}.Release|Win32.ActiveCfg = Release|Win32
		{1D633DBE-35B2-447D-B5A0-63AA125E59FF}.Release|Win32.Build.0 = Release|Win32
		{5EAE7562-6C43-42D6-987B-DAC220496137}.Debug|x64.ActiveCfg = Debug|x64
		{5EAE7562-6C43-42D6-987B-DAC220496137}.Debug|x64.Build.0 = Debug|x64
		{5EAE7562-6C43-42D6-987B-DAC220496137}.Debug|Win32.ActiveCfg = Debug|Win32
		{5EAE7562-6C43-42D6-987B-DAC220496137}.Debug|Win32.Build.0 = Debug|Win32
		{5EAE7562-6C43-42D6-987B-DAC220496137}.Release|x64.ActiveCfg = Release|x64
		{5EAE7562-6C43-42D6-987B-DAC220496137}.Release|x64.Build.0 = Release|x64
		{5EAE7562-6C43-42D6-987B-DAC220496137}.Release|Win32.ActiveCfg = Release|Win32
		{5EAE7562-6C43-42D6-987B-DAC220496137}.Release|Win32.Build.0 = Release|Win32
		{FA18DDB1-F7FD-4FEA-8ED2-F04736DFC86D}.Debug|x64.ActiveCfg = Debug|x64
		{FA18DDB1-F7FD-4FEA-8ED2-F04736DFC86D}.Debug|x64.Build.0 = Debug|x64
		{FA18DDB1-F7FD-4FEA-8ED2-F04736DFC86D}.Debug|Win32.ActiveCfg = Debug|Win32
		{FA18DDB1-F7FD-4FEA-8ED2-F04736DFC86D}.Debug|Win32.Build.0 = Debug|Win32
		{FA18DDB1-F7FD-4FEA-8ED2-F04736DFC86D}.Release|x64.ActiveCfg = Release|x64
		{FA18DDB1-F7FD-4FEA-8ED2-F04736DFC86D}.Release|x64.Build.0 = Release|x64
		{FA18DDB1-F7FD-4FEA-8ED2-F04736DFC86D}.Release|Win32.ActiveCfg = Release|Win32
		{FA18DDB1-F7FD-4FEA-8ED2-F04736DFC86D}.Release|Win32.Build.0 = Release|Win32
		{DC66AEC9-33DE-4C82-8DC2-1F10F12167B9}.Debug|x64.ActiveCfg = Debug|x64
		{DC66AEC9-33DE-4C82-8DC2-1F10F12167B9}.Debug|x64.Build.0 = Debug|x64
		{DC66AEC9-33DE-4C82-8DC2-1F10F12167B9}.Debug|Win32.ActiveCfg = Debug|Win32
		{DC66AEC9-33DE-4C82-8DC2-1F10F12167B9}.Debug|Win32.Build.0 = Debug|Win32
		{DC66AEC9-33DE-4C82-8DC2-1F10F12167B9}.Release|x64.ActiveCfg = Release|x64
		{DC66AEC9-33DE-4C82-8DC2-1F10F12167B9}.Release|x64.Build.0 = Release|x64
		{DC66AEC9-33DE-4C82-8DC2-1F10F12167B9}.Release|Win32.ActiveCfg = Release|Win32
		{DC66AEC9-33DE-4C82-8DC2-1F10F12167B9}.Release|Win32.Build.0 = Release|Win32
		{A695124A-9D34-48FA-849C-0165372661B0}.Debug|x64.ActiveCfg = Debug|x64
		{A695124A-9D34-48FA-849C-0165372661B0}.Debug|x64.Build.0 = Debug|x64
		{A695124A-9D34-48FA-849C-0165372661B0}.Debug|Win32.ActiveCfg = Debug|Win32
		{A695124A-9D34-48FA-849C-0165372661B0}.Debug|Win32.Build.0 = Debug|Win32
		{A695124A-9D34-48FA-849C-0165372661B0}.Release|x64.ActiveCfg = Release|x64
		{A695124A-9D34-48FA-849C-0165372661B0}.Release|x64.Build.0 = Release|x64
		{A695124A-9D34-48FA-849C-0165372661B0}.Release|Win32.ActiveCfg = Release|Win32
		{A695124A-9D34-48FA-849C-0165372661B0}.Release|Win32.Build.0 = Release|Win32
	EndGlobalSection
	GlobalSection(SolutionProperties) = preSolution
		HideSolutionNode = FALSE
	EndGlobalSection
	GlobalSection(NestedProjects) = preSolution
		{6B287579-8A55-4242-9AE8-A4BF2D75BF95} = {2642F919-6C51-4E29-896A-FBE822C38480}
		{2642F919-6C51-4E29-896A-FBE822C38480} = {5300CE63-725D-482C-9C27-A791895230D5}
		{3C7C2947-2DBF-4CC6-BC9C-9EB4A408C2FB} = {5300CE63-725D-482C-9C27-A791895230D5}
		{FD8FB4E0-F3BC-4E78-BF8F-F5EC14F9951A} = {3C7C2947-2DBF-4CC6-BC9C-9EB4A408C2FB}
		{0B29BEB8-F5B2-4A64-8383-AC74F1BB760C} = {5300CE63-725D-482C-9C27-A791895230D5}
		{F7D295A2-4E87-41B2-BE57-00896D1245E8} = {0B29BEB8-F5B2-4A64-8383-AC74F1BB760C}
		{1D633DBE-35B2-447D-B5A0-63AA125E59FF} = {0B29BEB8-F5B2-4A64-8383-AC74F1BB760C}
		{F1F0DBA3-92E1-4F46-B9ED-66E36348FBA0} = {5300CE63-725D-482C-9C27-A791895230D5}
		{5EAE7562-6C43-42D6-987B-DAC220496137} = {F1F0DBA3-92E1-4F46-B9ED-66E36348FBA0}
		{FA18DDB1-F7FD-4FEA-8ED2-F04736DFC86D} = {F1F0DBA3-92E1-4F46-B9ED-66E36348FBA0}
		{76A142D2-0833-4B38-B0BC-EE6B0BEEEB71} = {81395704-31E0-4E0B-BD36-2CF6388AEA34}
		{DC66AEC9-33DE-4C82-8DC2-1F10F12167B9} = {76A142D2-0833-4B38-B0BC-EE6B0BEEEB71}
		{5403979E-8756-458D-AD45-0E39B08BE1A8} = {81395704-31E0-4E0B-BD36-2CF6388AEA34}
		{A695124A-9D34-48FA-849C-0165372661B0} = {5403979E-8756-458D-AD45-0E39B08BE1A8}
	EndGlobalSection
EndGlobal
