<?xml version="1.0" encoding="utf-8"?>
<Project ToolsVersion="4.0" xmlns="http://schemas.microsoft.com/developer/msbuild/2003">
  <ItemGroup>
    <ClCompile Include="..\Main.cpp" />
  </ItemGroup>
  <ItemGroup>
    <ClInclude Include="..\Gen.h" />
  </ItemGroup>
  <ItemGroup>
    <ResourceCompile Include="..\Slice2FreezeJ.rc" />
  </ItemGroup>
  <ItemGroup>
    <Filter Include="Slice Files">
      <UniqueIdentifier>{4d7a0ef0-d8aa-48ea-970f-a3380823d43c}</UniqueIdentifier>
      <Extensions>ice</Extensions>
    </Filter>
  </ItemGroup>
  <ItemGroup>
    <None Include="packages.config" />
  </ItemGroup>
</Project>