<?xml version="1.0" encoding="utf-8"?>
<Project ToolsVersion="4.0" xmlns="http://schemas.microsoft.com/developer/msbuild/2003">
  <ItemGroup>
    <Filter Include="Source Files">
      <UniqueIdentifier>{e6a1ae4b-1cd8-4a2a-9c03-b536ddf63988}</UniqueIdentifier>
      <Extensions>cpp;c;cxx;rc;def;r;odl;idl;hpj;bat</Extensions>
    </Filter>
    <Filter Include="Header Files">
      <UniqueIdentifier>{e730820a-1753-4b79-9fc0-f8f55a0bab8f}</UniqueIdentifier>
      <Extensions>h;hpp;hxx;hm;inl</Extensions>
    </Filter>
    <Filter Include="Resource Files">
      <UniqueIdentifier>{bf5c8c82-9a10-401f-ac66-6dc10afc7217}</UniqueIdentifier>
      <Extensions>ico;cur;bmp;dlg;rc2;rct;bin;rgs;gif;jpg;jpeg;jpe</Extensions>
    </Filter>
    <Filter Include="Slice Files">
      <UniqueIdentifier>{16870536-fa53-4b9f-9584-d5de9e2f65cd}</UniqueIdentifier>
      <Extensions>ice</Extensions>
    </Filter>
    <Filter Include="Source Files\x64">
      <UniqueIdentifier>{bbaa3a66-162f-45c7-8e5e-d58c4cdc8c24}</UniqueIdentifier>
    </Filter>
    <Filter Include="Source Files\Win32">
      <UniqueIdentifier>{263805d4-b257-4e1c-ab01-3a50bfd3245c}</UniqueIdentifier>
    </Filter>
    <Filter Include="Source Files\Win32\Debug">
      <UniqueIdentifier>{6eee4761-31db-4b68-b4dd-eae986d67646}</UniqueIdentifier>
    </Filter>
    <Filter Include="Source Files\Win32\Release">
      <UniqueIdentifier>{964038a9-adae-4d3e-9ea7-5dcab6ef0e3a}</UniqueIdentifier>
    </Filter>
    <Filter Include="Source Files\x64\Debug">
      <UniqueIdentifier>{c312646d-38ee-4ff7-bae9-a0db97d47e85}</UniqueIdentifier>
    </Filter>
    <Filter Include="Source Files\x64\Release">
      <UniqueIdentifier>{03ab9b89-eb9a-44bb-ad0e-4edf4ab7078b}</UniqueIdentifier>
    </Filter>
    <Filter Include="Header Files\x64">
      <UniqueIdentifier>{b52d4540-e362-4a37-9431-c6b336d36fa5}</UniqueIdentifier>
    </Filter>
    <Filter Include="Header Files\Win32">
      <UniqueIdentifier>{88fce237-68b9-4c92-b828-7c7791e3e8bd}</UniqueIdentifier>
    </Filter>
    <Filter Include="Header Files\Win32\Debug">
      <UniqueIdentifier>{7c64aa35-8cab-475c-a5b4-e365a1c3b126}</UniqueIdentifier>
    </Filter>
    <Filter Include="Header Files\Win32\Release">
      <UniqueIdentifier>{6669cd5c-5e16-4e08-825d-90679396b790}</UniqueIdentifier>
    </Filter>
    <Filter Include="Header Files\x64\Debug">
      <UniqueIdentifier>{48a59484-ac1c-497f-afe6-eb59d97d5ba4}</UniqueIdentifier>
    </Filter>
    <Filter Include="Header Files\x64\Release">
      <UniqueIdentifier>{08d517bc-3b81-421f-9008-8d489e9e5c0a}</UniqueIdentifier>
    </Filter>
  </ItemGroup>
  <ItemGroup>
    <ClCompile Include="..\..\Client.cpp">
      <Filter>Source Files</Filter>
    </ClCompile>
    <ClCompile Include="x64\Release\IntLongMap.cpp">
      <Filter>Source Files\x64\Release</Filter>
    </ClCompile>
    <ClCompile Include="Win32\Debug\IntLongMap.cpp">
      <Filter>Source Files\Win32\Debug</Filter>
    </ClCompile>
    <ClCompile Include="Win32\Release\IntLongMap.cpp">
      <Filter>Source Files\Win32\Release</Filter>
    </ClCompile>
    <ClCompile Include="x64\Debug\IntLongMap.cpp">
      <Filter>Source Files\x64\Debug</Filter>
    </ClCompile>
  </ItemGroup>
  <ItemGroup>
    <ClInclude Include="x64\Release\IntLongMap.h">
      <Filter>Header Files\x64\Release</Filter>
    </ClInclude>
    <ClInclude Include="Win32\Debug\IntLongMap.h">
      <Filter>Header Files\Win32\Debug</Filter>
    </ClInclude>
    <ClInclude Include="Win32\Release\IntLongMap.h">
      <Filter>Header Files\Win32\Release</Filter>
    </ClInclude>
    <ClInclude Include="x64\Debug\IntLongMap.h">
      <Filter>Header Files\x64\Debug</Filter>
    </ClInclude>
  </ItemGroup>
  <ItemGroup>
    <None Include="..\..\config" />
    <None Include="..\..\README.md" />
    <None Include="packages.config" />
  </ItemGroup>
  <ItemGroup>
    <CustomBuild Include="dummy.freeze" />
  </ItemGroup>
</Project>