
Microsoft Visual Studio Solution File, Format Version 12.00
# Visual Studio 2013
VisualStudioVersion = 12.0.31101.0
MinimumVisualStudioVersion = 10.0.40219.1
Project("{2150E333-8FDC-42A3-9474-1A3956D46DE8}") = "Freeze", "Freeze", "{EDB92982-CA2F-4083-86C7-AF7CEA04E94A}"
EndProject
Project("{2150E333-8FDC-42A3-9474-1A3956D46DE8}") = "backup", "backup", "{E15F3D45-342D-4038-8901-9ED2872E02F5}"
EndProject
Project("{2150E333-8FDC-42A3-9474-1A3956D46DE8}") = "bench", "bench", "{C9255378-9AB2-4A34-BD52-23F609C28CC5}"
EndProject
Project("{2150E333-8FDC-42A3-9474-1A3956D46DE8}") = "casino", "casino", "{17EE3699-CA88-4452-BD63-6EE56D38FCD6}"
EndProject
Project("{2150E333-8FDC-42A3-9474-1A3956D46DE8}") = "customEvictor", "customEvictor", "{4C696E39-56CA-4836-AF3E-7928902F5975}"
EndProject
Project("{2150E333-8FDC-42A3-9474-1A3956D46DE8}") = "library", "library", "{67AF994E-E884-4044-9FAE-CF05048DA0C0}"
EndProject
Project("{2150E333-8FDC-42A3-9474-1A3956D46DE8}") = "phonebook", "phonebook", "{E5E9FD39-7A4D-4963-B20C-B18749EE09F7}"
EndProject
Project("{2150E333-8FDC-42A3-9474-1A3956D46DE8}") = "transform", "transform", "{744D159D-9739-401C-B4F3-96D6A9590472}"
EndProject
Project("{8BC9CEB8-8B4A-11D0-8D11-00A0C91BC942}") = "client", "Freeze\backup\Freeze.backup.client.vcxproj", "{3178F16D-EA3B-42F5-A334-CE753A0A8E33}"
EndProject
Project("{8BC9CEB8-8B4A-11D0-8D11-00A0C91BC942}") = "client", "Freeze\bench\Freeze.bench.client.vcxproj", "{8148DA60-E8D7-4117-A60E-9AFA0C15143C}"
EndProject
Project("{8BC9CEB8-8B4A-11D0-8D11-00A0C91BC942}") = "client", "Freeze\casino\Freeze.casino.client.vcxproj", "{C015D52B-6548-4BEC-882C-3845945EDE13}"
EndProject
Project("{8BC9CEB8-8B4A-11D0-8D11-00A0C91BC942}") = "server", "Freeze\casino\Freeze.casino.server.vcxproj", "{87CECE87-62E9-4D10-B1A4-D36191ADFC8A}"
EndProject
Project("{8BC9CEB8-8B4A-11D0-8D11-00A0C91BC942}") = "client", "Freeze\customEvictor\Freeze.customEvictor.client.vcxproj", "{AB4AAFB0-0F6F-4A46-A21F-96496A12A5F1}"
EndProject
Project("{8BC9CEB8-8B4A-11D0-8D11-00A0C91BC942}") = "server", "Freeze\customEvictor\Freeze.customEvictor.server.vcxproj", "{342BFF78-C044-44EB-8DE9-464114C17233}"
EndProject
Project("{8BC9CEB8-8B4A-11D0-8D11-00A0C91BC942}") = "client", "Freeze\library\Freeze.library.client.vcxproj", "{CCF288AA-4C00-45BA-AD36-DA064A1AB8CF}"
EndProject
Project("{8BC9CEB8-8B4A-11D0-8D11-00A0C91BC942}") = "collocated", "Freeze\library\Freeze.library.collocated.vcxproj", "{80D04E2B-F180-4D44-AD65-9F04E875988C}"
EndProject
Project("{8BC9CEB8-8B4A-11D0-8D11-00A0C91BC942}") = "server", "Freeze\library\Freeze.library.server.vcxproj", "{7CC6B463-7F14-4270-ABF5-5E5A7632EDBD}"
EndProject
Project("{8BC9CEB8-8B4A-11D0-8D11-00A0C91BC942}") = "client", "Freeze\phonebook\Freeze.phonebook.client.vcxproj", "{DC19C23E-B53C-4A11-9B62-677CDC87D08C}"
EndProject
Project("{8BC9CEB8-8B4A-11D0-8D11-00A0C91BC942}") = "collocated", "Freeze\phonebook\Freeze.phonebook.collocated.vcxproj", "{5EB31F0A-A3D4-4553-83AF-45E30549A7AD}"
EndProject
Project("{8BC9CEB8-8B4A-11D0-8D11-00A0C91BC942}") = "server", "Freeze\phonebook\Freeze.phonebook.server.vcxproj", "{8FACCA7B-B717-424A-8BAA-DF26D389E5C0}"
EndProject
Project("{8BC9CEB8-8B4A-11D0-8D11-00A0C91BC942}") = "create", "Freeze\transform\Freeze.transform.create.vcxproj", "{4ED994E8-3AF7-4ABC-B029-5EFDBCF41E76}"
EndProject
Project("{8BC9CEB8-8B4A-11D0-8D11-00A0C91BC942}") = "read", "Freeze\transform\Freeze.transform.read.vcxproj", "{2D02A8FB-6011-4E84-B2B7-2A26E310C536}"
EndProject
Project("{8BC9CEB8-8B4A-11D0-8D11-00A0C91BC942}") = "readnew", "Freeze\transform\Freeze.transform.readnew.vcxproj", "{AD9A8840-D6B6-41F6-8AB5-6A18F6A5A50B}"
EndProject
Project("{8BC9CEB8-8B4A-11D0-8D11-00A0C91BC942}") = "recreate", "Freeze\transform\Freeze.transform.recreate.vcxproj", "{7BD80BEC-C16B-412F-808B-FDD042D217DB}"
EndProject
Project("{2150E333-8FDC-42A3-9474-1A3956D46DE8}") = "Manual", "Manual", "{5F480383-0956-4BE4-AA77-8DFDCF417AB5}"
EndProject
Project("{2150E333-8FDC-42A3-9474-1A3956D46DE8}") = "evictorFilesystem", "evictorFilesystem", "{1FF8AD3D-FD78-413B-AFC8-C21EB93BEFD7}"
EndProject
Project("{2150E333-8FDC-42A3-9474-1A3956D46DE8}") = "mapFilesystem", "mapFilesystem", "{9FDCD2FF-ED39-467A-97BE-7F4717F89E57}"
EndProject
Project("{8BC9CEB8-8B4A-11D0-8D11-00A0C91BC942}") = "client", "Manual\evictorFilesystem\manual.evictorFilesystem.client.vcxproj", "{66668B00-70BB-4CF0-8DB2-2717DC5F4DA3}"
EndProject
Project("{8BC9CEB8-8B4A-11D0-8D11-00A0C91BC942}") = "server", "Manual\evictorFilesystem\manual.evictorFilesystem.server.vcxproj", "{2E1BBDAB-F9C2-4C72-9587-29D7F428BC32}"
EndProject
Project("{8BC9CEB8-8B4A-11D0-8D11-00A0C91BC942}") = "client", "Manual\mapFilesystem\manual.mapFilesystem.client.vcxproj", "{0C6E1127-1105-49F0-99BB-CBDC1C2566F0}"
EndProject
Project("{8BC9CEB8-8B4A-11D0-8D11-00A0C91BC942}") = "server", "Manual\mapFilesystem\manual.mapFilesystem.server.vcxproj", "{37369B6D-DFB9-4413-A4F5-AE261FDA74A2}"
EndProject
Global
	GlobalSection(SolutionConfigurationPlatforms) = preSolution
		Debug|Win32 = Debug|Win32
		Debug|x64 = Debug|x64
		Release|Win32 = Release|Win32
		Release|x64 = Release|x64
	EndGlobalSection
	GlobalSection(ProjectConfigurationPlatforms) = postSolution
		{3178F16D-EA3B-42F5-A334-CE753A0A8E33}.Debug|Win32.ActiveCfg = Debug|Win32
		{3178F16D-EA3B-42F5-A334-CE753A0A8E33}.Debug|Win32.Build.0 = Debug|Win32
		{3178F16D-EA3B-42F5-A334-CE753A0A8E33}.Debug|x64.ActiveCfg = Debug|x64
		{3178F16D-EA3B-42F5-A334-CE753A0A8E33}.Debug|x64.Build.0 = Debug|x64
		{3178F16D-EA3B-42F5-A334-CE753A0A8E33}.Release|Win32.ActiveCfg = Release|Win32
		{3178F16D-EA3B-42F5-A334-CE753A0A8E33}.Release|Win32.Build.0 = Release|Win32
		{3178F16D-EA3B-42F5-A334-CE753A0A8E33}.Release|x64.ActiveCfg = Release|x64
		{3178F16D-EA3B-42F5-A334-CE753A0A8E33}.Release|x64.Build.0 = Release|x64
		{8148DA60-E8D7-4117-A60E-9AFA0C15143C}.Debug|Win32.ActiveCfg = Debug|Win32
		{8148DA60-E8D7-4117-A60E-9AFA0C15143C}.Debug|Win32.Build.0 = Debug|Win32
		{8148DA60-E8D7-4117-A60E-9AFA0C15143C}.Debug|x64.ActiveCfg = Debug|x64
		{8148DA60-E8D7-4117-A60E-9AFA0C15143C}.Debug|x64.Build.0 = Debug|x64
		{8148DA60-E8D7-4117-A60E-9AFA0C15143C}.Release|Win32.ActiveCfg = Release|Win32
		{8148DA60-E8D7-4117-A60E-9AFA0C15143C}.Release|Win32.Build.0 = Release|Win32
		{8148DA60-E8D7-4117-A60E-9AFA0C15143C}.Release|x64.ActiveCfg = Release|x64
		{8148DA60-E8D7-4117-A60E-9AFA0C15143C}.Release|x64.Build.0 = Release|x64
		{C015D52B-6548-4BEC-882C-3845945EDE13}.Debug|Win32.ActiveCfg = Debug|Win32
		{C015D52B-6548-4BEC-882C-3845945EDE13}.Debug|Win32.Build.0 = Debug|Win32
		{C015D52B-6548-4BEC-882C-3845945EDE13}.Debug|x64.ActiveCfg = Debug|x64
		{C015D52B-6548-4BEC-882C-3845945EDE13}.Debug|x64.Build.0 = Debug|x64
		{C015D52B-6548-4BEC-882C-3845945EDE13}.Release|Win32.ActiveCfg = Release|Win32
		{C015D52B-6548-4BEC-882C-3845945EDE13}.Release|Win32.Build.0 = Release|Win32
		{C015D52B-6548-4BEC-882C-3845945EDE13}.Release|x64.ActiveCfg = Release|x64
		{C015D52B-6548-4BEC-882C-3845945EDE13}.Release|x64.Build.0 = Release|x64
		{87CECE87-62E9-4D10-B1A4-D36191ADFC8A}.Debug|Win32.ActiveCfg = Debug|Win32
		{87CECE87-62E9-4D10-B1A4-D36191ADFC8A}.Debug|Win32.Build.0 = Debug|Win32
		{87CECE87-62E9-4D10-B1A4-D36191ADFC8A}.Debug|x64.ActiveCfg = Debug|x64
		{87CECE87-62E9-4D10-B1A4-D36191ADFC8A}.Debug|x64.Build.0 = Debug|x64
		{87CECE87-62E9-4D10-B1A4-D36191ADFC8A}.Release|Win32.ActiveCfg = Release|Win32
		{87CECE87-62E9-4D10-B1A4-D36191ADFC8A}.Release|Win32.Build.0 = Release|Win32
		{87CECE87-62E9-4D10-B1A4-D36191ADFC8A}.Release|x64.ActiveCfg = Release|x64
		{87CECE87-62E9-4D10-B1A4-D36191ADFC8A}.Release|x64.Build.0 = Release|x64
		{AB4AAFB0-0F6F-4A46-A21F-96496A12A5F1}.Debug|Win32.ActiveCfg = Debug|Win32
		{AB4AAFB0-0F6F-4A46-A21F-96496A12A5F1}.Debug|Win32.Build.0 = Debug|Win32
		{AB4AAFB0-0F6F-4A46-A21F-96496A12A5F1}.Debug|x64.ActiveCfg = Debug|x64
		{AB4AAFB0-0F6F-4A46-A21F-96496A12A5F1}.Debug|x64.Build.0 = Debug|x64
		{AB4AAFB0-0F6F-4A46-A21F-96496A12A5F1}.Release|Win32.ActiveCfg = Release|Win32
		{AB4AAFB0-0F6F-4A46-A21F-96496A12A5F1}.Release|Win32.Build.0 = Release|Win32
		{AB4AAFB0-0F6F-4A46-A21F-96496A12A5F1}.Release|x64.ActiveCfg = Release|x64
		{AB4AAFB0-0F6F-4A46-A21F-96496A12A5F1}.Release|x64.Build.0 = Release|x64
		{342BFF78-C044-44EB-8DE9-464114C17233}.Debug|Win32.ActiveCfg = Debug|Win32
		{342BFF78-C044-44EB-8DE9-464114C17233}.Debug|Win32.Build.0 = Debug|Win32
		{342BFF78-C044-44EB-8DE9-464114C17233}.Debug|x64.ActiveCfg = Debug|x64
		{342BFF78-C044-44EB-8DE9-464114C17233}.Debug|x64.Build.0 = Debug|x64
		{342BFF78-C044-44EB-8DE9-464114C17233}.Release|Win32.ActiveCfg = Release|Win32
		{342BFF78-C044-44EB-8DE9-464114C17233}.Release|Win32.Build.0 = Release|Win32
		{342BFF78-C044-44EB-8DE9-464114C17233}.Release|x64.ActiveCfg = Release|x64
		{342BFF78-C044-44EB-8DE9-464114C17233}.Release|x64.Build.0 = Release|x64
		{CCF288AA-4C00-45BA-AD36-DA064A1AB8CF}.Debug|Win32.ActiveCfg = Debug|Win32
		{CCF288AA-4C00-45BA-AD36-DA064A1AB8CF}.Debug|Win32.Build.0 = Debug|Win32
		{CCF288AA-4C00-45BA-AD36-DA064A1AB8CF}.Debug|x64.ActiveCfg = Debug|x64
		{CCF288AA-4C00-45BA-AD36-DA064A1AB8CF}.Debug|x64.Build.0 = Debug|x64
		{CCF288AA-4C00-45BA-AD36-DA064A1AB8CF}.Release|Win32.ActiveCfg = Release|Win32
		{CCF288AA-4C00-45BA-AD36-DA064A1AB8CF}.Release|Win32.Build.0 = Release|Win32
		{CCF288AA-4C00-45BA-AD36-DA064A1AB8CF}.Release|x64.ActiveCfg = Release|x64
		{CCF288AA-4C00-45BA-AD36-DA064A1AB8CF}.Release|x64.Build.0 = Release|x64
		{80D04E2B-F180-4D44-AD65-9F04E875988C}.Debug|Win32.ActiveCfg = Debug|Win32
		{80D04E2B-F180-4D44-AD65-9F04E875988C}.Debug|Win32.Build.0 = Debug|Win32
		{80D04E2B-F180-4D44-AD65-9F04E875988C}.Debug|x64.ActiveCfg = Debug|x64
		{80D04E2B-F180-4D44-AD65-9F04E875988C}.Debug|x64.Build.0 = Debug|x64
		{80D04E2B-F180-4D44-AD65-9F04E875988C}.Release|Win32.ActiveCfg = Release|Win32
		{80D04E2B-F180-4D44-AD65-9F04E875988C}.Release|Win32.Build.0 = Release|Win32
		{80D04E2B-F180-4D44-AD65-9F04E875988C}.Release|x64.ActiveCfg = Release|x64
		{80D04E2B-F180-4D44-AD65-9F04E875988C}.Release|x64.Build.0 = Release|x64
		{7CC6B463-7F14-4270-ABF5-5E5A7632EDBD}.Debug|Win32.ActiveCfg = Debug|Win32
		{7CC6B463-7F14-4270-ABF5-5E5A7632EDBD}.Debug|Win32.Build.0 = Debug|Win32
		{7CC6B463-7F14-4270-ABF5-5E5A7632EDBD}.Debug|x64.ActiveCfg = Debug|x64
		{7CC6B463-7F14-4270-ABF5-5E5A7632EDBD}.Debug|x64.Build.0 = Debug|x64
		{7CC6B463-7F14-4270-ABF5-5E5A7632EDBD}.Release|Win32.ActiveCfg = Release|Win32
		{7CC6B463-7F14-4270-ABF5-5E5A7632EDBD}.Release|Win32.Build.0 = Release|Win32
		{7CC6B463-7F14-4270-ABF5-5E5A7632EDBD}.Release|x64.ActiveCfg = Release|x64
		{7CC6B463-7F14-4270-ABF5-5E5A7632EDBD}.Release|x64.Build.0 = Release|x64
		{DC19C23E-B53C-4A11-9B62-677CDC87D08C}.Debug|Win32.ActiveCfg = Debug|Win32
		{DC19C23E-B53C-4A11-9B62-677CDC87D08C}.Debug|Win32.Build.0 = Debug|Win32
		{DC19C23E-B53C-4A11-9B62-677CDC87D08C}.Debug|x64.ActiveCfg = Debug|x64
		{DC19C23E-B53C-4A11-9B62-677CDC87D08C}.Debug|x64.Build.0 = Debug|x64
		{DC19C23E-B53C-4A11-9B62-677CDC87D08C}.Release|Win32.ActiveCfg = Release|Win32
		{DC19C23E-B53C-4A11-9B62-677CDC87D08C}.Release|Win32.Build.0 = Release|Win32
		{DC19C23E-B53C-4A11-9B62-677CDC87D08C}.Release|x64.ActiveCfg = Release|x64
		{DC19C23E-B53C-4A11-9B62-677CDC87D08C}.Release|x64.Build.0 = Release|x64
		{5EB31F0A-A3D4-4553-83AF-45E30549A7AD}.Debug|Win32.ActiveCfg = Debug|Win32
		{5EB31F0A-A3D4-4553-83AF-45E30549A7AD}.Debug|Win32.Build.0 = Debug|Win32
		{5EB31F0A-A3D4-4553-83AF-45E30549A7AD}.Debug|x64.ActiveCfg = Debug|x64
		{5EB31F0A-A3D4-4553-83AF-45E30549A7AD}.Debug|x64.Build.0 = Debug|x64
		{5EB31F0A-A3D4-4553-83AF-45E30549A7AD}.Release|Win32.ActiveCfg = Release|Win32
		{5EB31F0A-A3D4-4553-83AF-45E30549A7AD}.Release|Win32.Build.0 = Release|Win32
		{5EB31F0A-A3D4-4553-83AF-45E30549A7AD}.Release|x64.ActiveCfg = Release|x64
		{5EB31F0A-A3D4-4553-83AF-45E30549A7AD}.Release|x64.Build.0 = Release|x64
		{8FACCA7B-B717-424A-8BAA-DF26D389E5C0}.Debug|Win32.ActiveCfg = Debug|Win32
		{8FACCA7B-B717-424A-8BAA-DF26D389E5C0}.Debug|Win32.Build.0 = Debug|Win32
		{8FACCA7B-B717-424A-8BAA-DF26D389E5C0}.Debug|x64.ActiveCfg = Debug|x64
		{8FACCA7B-B717-424A-8BAA-DF26D389E5C0}.Debug|x64.Build.0 = Debug|x64
		{8FACCA7B-B717-424A-8BAA-DF26D389E5C0}.Release|Win32.ActiveCfg = Release|Win32
		{8FACCA7B-B717-424A-8BAA-DF26D389E5C0}.Release|Win32.Build.0 = Release|Win32
		{8FACCA7B-B717-424A-8BAA-DF26D389E5C0}.Release|x64.ActiveCfg = Release|x64
		{8FACCA7B-B717-424A-8BAA-DF26D389E5C0}.Release|x64.Build.0 = Release|x64
		{4ED994E8-3AF7-4ABC-B029-5EFDBCF41E76}.Debug|Win32.ActiveCfg = Debug|Win32
		{4ED994E8-3AF7-4ABC-B029-5EFDBCF41E76}.Debug|Win32.Build.0 = Debug|Win32
		{4ED994E8-3AF7-4ABC-B029-5EFDBCF41E76}.Debug|x64.ActiveCfg = Debug|x64
		{4ED994E8-3AF7-4ABC-B029-5EFDBCF41E76}.Debug|x64.Build.0 = Debug|x64
		{4ED994E8-3AF7-4ABC-B029-5EFDBCF41E76}.Release|Win32.ActiveCfg = Release|Win32
		{4ED994E8-3AF7-4ABC-B029-5EFDBCF41E76}.Release|Win32.Build.0 = Release|Win32
		{4ED994E8-3AF7-4ABC-B029-5EFDBCF41E76}.Release|x64.ActiveCfg = Release|x64
		{4ED994E8-3AF7-4ABC-B029-5EFDBCF41E76}.Release|x64.Build.0 = Release|x64
		{2D02A8FB-6011-4E84-B2B7-2A26E310C536}.Debug|Win32.ActiveCfg = Debug|Win32
		{2D02A8FB-6011-4E84-B2B7-2A26E310C536}.Debug|Win32.Build.0 = Debug|Win32
		{2D02A8FB-6011-4E84-B2B7-2A26E310C536}.Debug|x64.ActiveCfg = Debug|x64
		{2D02A8FB-6011-4E84-B2B7-2A26E310C536}.Debug|x64.Build.0 = Debug|x64
		{2D02A8FB-6011-4E84-B2B7-2A26E310C536}.Release|Win32.ActiveCfg = Release|Win32
		{2D02A8FB-6011-4E84-B2B7-2A26E310C536}.Release|Win32.Build.0 = Release|Win32
		{2D02A8FB-6011-4E84-B2B7-2A26E310C536}.Release|x64.ActiveCfg = Release|x64
		{2D02A8FB-6011-4E84-B2B7-2A26E310C536}.Release|x64.Build.0 = Release|x64
		{AD9A8840-D6B6-41F6-8AB5-6A18F6A5A50B}.Debug|Win32.ActiveCfg = Debug|Win32
		{AD9A8840-D6B6-41F6-8AB5-6A18F6A5A50B}.Debug|Win32.Build.0 = Debug|Win32
		{AD9A8840-D6B6-41F6-8AB5-6A18F6A5A50B}.Debug|x64.ActiveCfg = Debug|x64
		{AD9A8840-D6B6-41F6-8AB5-6A18F6A5A50B}.Debug|x64.Build.0 = Debug|x64
		{AD9A8840-D6B6-41F6-8AB5-6A18F6A5A50B}.Release|Win32.ActiveCfg = Release|Win32
		{AD9A8840-D6B6-41F6-8AB5-6A18F6A5A50B}.Release|Win32.Build.0 = Release|Win32
		{AD9A8840-D6B6-41F6-8AB5-6A18F6A5A50B}.Release|x64.ActiveCfg = Release|x64
		{AD9A8840-D6B6-41F6-8AB5-6A18F6A5A50B}.Release|x64.Build.0 = Release|x64
		{7BD80BEC-C16B-412F-808B-FDD042D217DB}.Debug|Win32.ActiveCfg = Debug|Win32
		{7BD80BEC-C16B-412F-808B-FDD042D217DB}.Debug|Win32.Build.0 = Debug|Win32
		{7BD80BEC-C16B-412F-808B-FDD042D217DB}.Debug|x64.ActiveCfg = Debug|x64
		{7BD80BEC-C16B-412F-808B-FDD042D217DB}.Debug|x64.Build.0 = Debug|x64
		{7BD80BEC-C16B-412F-808B-FDD042D217DB}.Release|Win32.ActiveCfg = Release|Win32
		{7BD80BEC-C16B-412F-808B-FDD042D217DB}.Release|Win32.Build.0 = Release|Win32
		{7BD80BEC-C16B-412F-808B-FDD042D217DB}.Release|x64.ActiveCfg = Release|x64
		{7BD80BEC-C16B-412F-808B-FDD042D217DB}.Release|x64.Build.0 = Release|x64
		{66668B00-70BB-4CF0-8DB2-2717DC5F4DA3}.Debug|Win32.ActiveCfg = Debug|Win32
		{66668B00-70BB-4CF0-8DB2-2717DC5F4DA3}.Debug|Win32.Build.0 = Debug|Win32
		{66668B00-70BB-4CF0-8DB2-2717DC5F4DA3}.Debug|x64.ActiveCfg = Debug|x64
		{66668B00-70BB-4CF0-8DB2-2717DC5F4DA3}.Debug|x64.Build.0 = Debug|x64
		{66668B00-70BB-4CF0-8DB2-2717DC5F4DA3}.Release|Win32.ActiveCfg = Release|Win32
		{66668B00-70BB-4CF0-8DB2-2717DC5F4DA3}.Release|Win32.Build.0 = Release|Win32
		{66668B00-70BB-4CF0-8DB2-2717DC5F4DA3}.Release|x64.ActiveCfg = Release|x64
		{66668B00-70BB-4CF0-8DB2-2717DC5F4DA3}.Release|x64.Build.0 = Release|x64
		{2E1BBDAB-F9C2-4C72-9587-29D7F428BC32}.Debug|Win32.ActiveCfg = Debug|Win32
		{2E1BBDAB-F9C2-4C72-9587-29D7F428BC32}.Debug|Win32.Build.0 = Debug|Win32
		{2E1BBDAB-F9C2-4C72-9587-29D7F428BC32}.Debug|x64.ActiveCfg = Debug|x64
		{2E1BBDAB-F9C2-4C72-9587-29D7F428BC32}.Debug|x64.Build.0 = Debug|x64
		{2E1BBDAB-F9C2-4C72-9587-29D7F428BC32}.Release|Win32.ActiveCfg = Release|Win32
		{2E1BBDAB-F9C2-4C72-9587-29D7F428BC32}.Release|Win32.Build.0 = Release|Win32
		{2E1BBDAB-F9C2-4C72-9587-29D7F428BC32}.Release|x64.ActiveCfg = Release|x64
		{2E1BBDAB-F9C2-4C72-9587-29D7F428BC32}.Release|x64.Build.0 = Release|x64
		{0C6E1127-1105-49F0-99BB-CBDC1C2566F0}.Debug|Win32.ActiveCfg = Debug|Win32
		{0C6E1127-1105-49F0-99BB-CBDC1C2566F0}.Debug|Win32.Build.0 = Debug|Win32
		{0C6E1127-1105-49F0-99BB-CBDC1C2566F0}.Debug|x64.ActiveCfg = Debug|x64
		{0C6E1127-1105-49F0-99BB-CBDC1C2566F0}.Debug|x64.Build.0 = Debug|x64
		{0C6E1127-1105-49F0-99BB-CBDC1C2566F0}.Release|Win32.ActiveCfg = Release|Win32
		{0C6E1127-1105-49F0-99BB-CBDC1C2566F0}.Release|Win32.Build.0 = Release|Win32
		{0C6E1127-1105-49F0-99BB-CBDC1C2566F0}.Release|x64.ActiveCfg = Release|x64
		{0C6E1127-1105-49F0-99BB-CBDC1C2566F0}.Release|x64.Build.0 = Release|x64
		{37369B6D-DFB9-4413-A4F5-AE261FDA74A2}.Debug|Win32.ActiveCfg = Debug|Win32
		{37369B6D-DFB9-4413-A4F5-AE261FDA74A2}.Debug|Win32.Build.0 = Debug|Win32
		{37369B6D-DFB9-4413-A4F5-AE261FDA74A2}.Debug|x64.ActiveCfg = Debug|x64
		{37369B6D-DFB9-4413-A4F5-AE261FDA74A2}.Debug|x64.Build.0 = Debug|x64
		{37369B6D-DFB9-4413-A4F5-AE261FDA74A2}.Release|Win32.ActiveCfg = Release|Win32
		{37369B6D-DFB9-4413-A4F5-AE261FDA74A2}.Release|Win32.Build.0 = Release|Win32
		{37369B6D-DFB9-4413-A4F5-AE261FDA74A2}.Release|x64.ActiveCfg = Release|x64
		{37369B6D-DFB9-4413-A4F5-AE261FDA74A2}.Release|x64.Build.0 = Release|x64
	EndGlobalSection
	GlobalSection(SolutionProperties) = preSolution
		HideSolutionNode = FALSE
	EndGlobalSection
	GlobalSection(NestedProjects) = preSolution
		{E15F3D45-342D-4038-8901-9ED2872E02F5} = {EDB92982-CA2F-4083-86C7-AF7CEA04E94A}
		{C9255378-9AB2-4A34-BD52-23F609C28CC5} = {EDB92982-CA2F-4083-86C7-AF7CEA04E94A}
		{17EE3699-CA88-4452-BD63-6EE56D38FCD6} = {EDB92982-CA2F-4083-86C7-AF7CEA04E94A}
		{4C696E39-56CA-4836-AF3E-7928902F5975} = {EDB92982-CA2F-4083-86C7-AF7CEA04E94A}
		{67AF994E-E884-4044-9FAE-CF05048DA0C0} = {EDB92982-CA2F-4083-86C7-AF7CEA04E94A}
		{E5E9FD39-7A4D-4963-B20C-B18749EE09F7} = {EDB92982-CA2F-4083-86C7-AF7CEA04E94A}
		{744D159D-9739-401C-B4F3-96D6A9590472} = {EDB92982-CA2F-4083-86C7-AF7CEA04E94A}
		{3178F16D-EA3B-42F5-A334-CE753A0A8E33} = {E15F3D45-342D-4038-8901-9ED2872E02F5}
		{8148DA60-E8D7-4117-A60E-9AFA0C15143C} = {C9255378-9AB2-4A34-BD52-23F609C28CC5}
		{C015D52B-6548-4BEC-882C-3845945EDE13} = {17EE3699-CA88-4452-BD63-6EE56D38FCD6}
		{87CECE87-62E9-4D10-B1A4-D36191ADFC8A} = {17EE3699-CA88-4452-BD63-6EE56D38FCD6}
		{AB4AAFB0-0F6F-4A46-A21F-96496A12A5F1} = {4C696E39-56CA-4836-AF3E-7928902F5975}
		{342BFF78-C044-44EB-8DE9-464114C17233} = {4C696E39-56CA-4836-AF3E-7928902F5975}
		{CCF288AA-4C00-45BA-AD36-DA064A1AB8CF} = {67AF994E-E884-4044-9FAE-CF05048DA0C0}
		{80D04E2B-F180-4D44-AD65-9F04E875988C} = {67AF994E-E884-4044-9FAE-CF05048DA0C0}
		{7CC6B463-7F14-4270-ABF5-5E5A7632EDBD} = {67AF994E-E884-4044-9FAE-CF05048DA0C0}
		{DC19C23E-B53C-4A11-9B62-677CDC87D08C} = {E5E9FD39-7A4D-4963-B20C-B18749EE09F7}
		{5EB31F0A-A3D4-4553-83AF-45E30549A7AD} = {E5E9FD39-7A4D-4963-B20C-B18749EE09F7}
		{8FACCA7B-B717-424A-8BAA-DF26D389E5C0} = {E5E9FD39-7A4D-4963-B20C-B18749EE09F7}
		{4ED994E8-3AF7-4ABC-B029-5EFDBCF41E76} = {744D159D-9739-401C-B4F3-96D6A9590472}
		{2D02A8FB-6011-4E84-B2B7-2A26E310C536} = {744D159D-9739-401C-B4F3-96D6A9590472}
		{AD9A8840-D6B6-41F6-8AB5-6A18F6A5A50B} = {744D159D-9739-401C-B4F3-96D6A9590472}
		{7BD80BEC-C16B-412F-808B-FDD042D217DB} = {744D159D-9739-401C-B4F3-96D6A9590472}
		{1FF8AD3D-FD78-413B-AFC8-C21EB93BEFD7} = {5F480383-0956-4BE4-AA77-8DFDCF417AB5}
		{9FDCD2FF-ED39-467A-97BE-7F4717F89E57} = {5F480383-0956-4BE4-AA77-8DFDCF417AB5}
		{66668B00-70BB-4CF0-8DB2-2717DC5F4DA3} = {1FF8AD3D-FD78-413B-AFC8-C21EB93BEFD7}
		{2E1BBDAB-F9C2-4C72-9587-29D7F428BC32} = {1FF8AD3D-FD78-413B-AFC8-C21EB93BEFD7}
		{0C6E1127-1105-49F0-99BB-CBDC1C2566F0} = {9FDCD2FF-ED39-467A-97BE-7F4717F89E57}
		{37369B6D-DFB9-4413-A4F5-AE261FDA74A2} = {9FDCD2FF-ED39-467A-97BE-7F4717F89E57}
	EndGlobalSection
EndGlobal
