<?xml version="1.0" encoding="utf-8"?>
<Project ToolsVersion="4.0" xmlns="http://schemas.microsoft.com/developer/msbuild/2003">
  <ItemGroup>
    <Filter Include="Slice Files">
      <UniqueIdentifier>{428f50c8-c920-4a54-bd5a-e74256b12c17}</UniqueIdentifier>
      <Extensions>ice</Extensions>
    </Filter>
    <Filter Include="Source Files">
      <UniqueIdentifier>{14a0f077-fb61-4403-9ed8-91ec23971bf6}</UniqueIdentifier>
    </Filter>
    <Filter Include="Source Files\Win32">
      <UniqueIdentifier>{1c8952ba-aafc-49a6-a4e1-40d1d3b96df8}</UniqueIdentifier>
    </Filter>
    <Filter Include="Source Files\Win32\Debug">
      <UniqueIdentifier>{9a6d800b-f842-47f4-9b47-53e7d4ae1072}</UniqueIdentifier>
    </Filter>
    <Filter Include="Header Files">
      <UniqueIdentifier>{9f223c78-b809-4835-b584-369f9aa134ee}</UniqueIdentifier>
    </Filter>
    <Filter Include="Header Files\Win32">
      <UniqueIdentifier>{58b92c72-7de6-41e4-91d0-63f52a5e0295}</UniqueIdentifier>
    </Filter>
    <Filter Include="Header Files\Win32\Debug">
      <UniqueIdentifier>{fe4000db-dbb3-4129-af9b-50d2b308da8c}</UniqueIdentifier>
    </Filter>
    <Filter Include="Source Files\x64">
      <UniqueIdentifier>{a79f3d6b-63b0-438f-a74e-420c094a4be6}</UniqueIdentifier>
    </Filter>
    <Filter Include="Source Files\x64\Debug">
      <UniqueIdentifier>{36cac236-bcee-4697-ae4c-5bb4b2352a75}</UniqueIdentifier>
    </Filter>
    <Filter Include="Header Files\x64">
      <UniqueIdentifier>{7b95ce3b-5996-4a43-bded-a3c88f874971}</UniqueIdentifier>
    </Filter>
    <Filter Include="Header Files\x64\Debug">
      <UniqueIdentifier>{8b694132-d7cc-45e5-bfcc-1207948da33d}</UniqueIdentifier>
    </Filter>
    <Filter Include="Source Files\Win32\Release">
      <UniqueIdentifier>{2ca90df1-3463-4ee8-9c78-08064749a8f3}</UniqueIdentifier>
    </Filter>
    <Filter Include="Header Files\Win32\Release">
      <UniqueIdentifier>{264654a7-ffed-4b10-befb-2e7dc9242809}</UniqueIdentifier>
    </Filter>
    <Filter Include="Source Files\x64\Release">
      <UniqueIdentifier>{2ce3e9c1-ed11-48bc-99a4-1594dd412666}</UniqueIdentifier>
    </Filter>
    <Filter Include="Header Files\x64\Release">
      <UniqueIdentifier>{215c7a6e-533c-4ac0-86e4-ed1ca06154c2}</UniqueIdentifier>
    </Filter>
  </ItemGroup>
  <ItemGroup>
    <ClCompile Include="..\..\Server.cpp">
      <Filter>Source Files</Filter>
    </ClCompile>
    <ClCompile Include="..\..\TestI.cpp">
      <Filter>Source Files</Filter>
    </ClCompile>
    <ClCompile Include="generated\Test.cpp" />
  </ItemGroup>
  <ItemGroup>
    <ClInclude Include="..\..\TestI.h">
      <Filter>Header Files</Filter>
    </ClInclude>
    <ClInclude Include="generated\Test.h" />
  </ItemGroup>
  <ItemGroup>
    <None Include="packages.config" />
  </ItemGroup>
  <ItemGroup>
    <SliceCompile Include="..\..\Test.ice">
      <Filter>Slice Files</Filter>
    </SliceCompile>
  </ItemGroup>
</Project>